
Microsoft Visual Studio Solution File, Format Version 12.00
# Visual Studio 15
VisualStudioVersion = 15.0.27428.2002
MinimumVisualStudioVersion = 10.0.40219.1
Project("{FAE04EC0-301F-11D3-BF4B-00C04F79EFBC}") = "l3neyro", "l3neyro\l3neyro.csproj", "{CA720FB4-9E9B-44CE-BCFC-365836DE79EA}"
EndProject
Global
	GlobalSection(SolutionConfigurationPlatforms) = preSolution
		Debug|Any CPU = Debug|Any CPU
		Release|Any CPU = Release|Any CPU
	EndGlobalSection
	GlobalSection(ProjectConfigurationPlatforms) = postSolution
		{CA720FB4-9E9B-44CE-BCFC-365836DE79EA}.Debug|Any CPU.ActiveCfg = Debug|Any CPU
		{CA720FB4-9E9B-44CE-BCFC-365836DE79EA}.Debug|Any CPU.Build.0 = Debug|Any CPU
		{CA720FB4-9E9B-44CE-BCFC-365836DE79EA}.Release|Any CPU.ActiveCfg = Release|Any CPU
		{CA720FB4-9E9B-44CE-BCFC-365836DE79EA}.Release|Any CPU.Build.0 = Release|Any CPU
	EndGlobalSection
	GlobalSection(SolutionProperties) = preSolution
		HideSolutionNode = FALSE
	EndGlobalSection
	GlobalSection(ExtensibilityGlobals) = postSolution
		SolutionGuid = {8A5ED6D1-A650-4DFF-91D0-839C5E713BFA}
	EndGlobalSection
EndGlobal
